
Microsoft Visual Studio Solution File, Format Version 12.00
# Visual Studio Version 17
VisualStudioVersion = 17.6.33723.286
MinimumVisualStudioVersion = 10.0.40219.1
Project("{FAE04EC0-301F-11D3-BF4B-00C04F79EFBC}") = "Barinak", "Barinak\Barinak.csproj", "{0C64A866-88B0-48BB-9C42-35F54AE68EB0}"
EndProject
Global
	GlobalSection(SolutionConfigurationPlatforms) = preSolution
		Debug|Any CPU = Debug|Any CPU
		Release|Any CPU = Release|Any CPU
	EndGlobalSection
	GlobalSection(ProjectConfigurationPlatforms) = postSolution
		{0C64A866-88B0-48BB-9C42-35F54AE68EB0}.Debug|Any CPU.ActiveCfg = Debug|Any CPU
		{0C64A866-88B0-48BB-9C42-35F54AE68EB0}.Debug|Any CPU.Build.0 = Debug|Any CPU
		{0C64A866-88B0-48BB-9C42-35F54AE68EB0}.Release|Any CPU.ActiveCfg = Release|Any CPU
		{0C64A866-88B0-48BB-9C42-35F54AE68EB0}.Release|Any CPU.Build.0 = Release|Any CPU
	EndGlobalSection
	GlobalSection(SolutionProperties) = preSolution
		HideSolutionNode = FALSE
	EndGlobalSection
	GlobalSection(ExtensibilityGlobals) = postSolution
		SolutionGuid = {8905CE66-52AF-4F2A-922D-47966A6DC883}
	EndGlobalSection
EndGlobal
